// !$*UTF8*$!
{
	archiveVersion = 1;
	classes = {
	};
	objectVersion = 51;
	objects = {

/* Begin PBXBuildFile section */
		0342E5302BF653055DB0B726 /* Pods_Todo_TodoUITests.framework in Frameworks */ = {isa = PBXBuildFile; fileRef = 94E20E91528448E5C9F7DE26 /* Pods_Todo_TodoUITests.framework */; };
		1DA2E85F903636C74C99BF3C /* Pods_Todo.framework in Frameworks */ = {isa = PBXBuildFile; fileRef = 8607B541CEEBC670F51DCE13 /* Pods_Todo.framework */; };
		677867F8F3CB89B91F60F0B8 /* Pods_TodoTests.framework in Frameworks */ = {isa = PBXBuildFile; fileRef = 5399C4086A80598F1A149764 /* Pods_TodoTests.framework */; };
		EA57F1E024A4A6AC00BB088E /* Data.swift in Sources */ = {isa = PBXBuildFile; fileRef = EA57F1DF24A4A6AC00BB088E /* Data.swift */; };
		EA57F1E224A4A71700BB088E /* NetworkRequest.swift in Sources */ = {isa = PBXBuildFile; fileRef = EA57F1E124A4A71700BB088E /* NetworkRequest.swift */; };
		EA57F1E624A4BACA00BB088E /* ListTableViewCell.swift in Sources */ = {isa = PBXBuildFile; fileRef = EA57F1E524A4BACA00BB088E /* ListTableViewCell.swift */; };
		EA57F1EA24A4EE8A00BB088E /* Default-568h@2x.png in Resources */ = {isa = PBXBuildFile; fileRef = EA57F1E924A4EE8900BB088E /* Default-568h@2x.png */; };
		EA7E250B24A4A5240077AEFB /* AppDelegate.swift in Sources */ = {isa = PBXBuildFile; fileRef = EA7E250A24A4A5240077AEFB /* AppDelegate.swift */; };
		EA7E250D24A4A5240077AEFB /* SceneDelegate.swift in Sources */ = {isa = PBXBuildFile; fileRef = EA7E250C24A4A5240077AEFB /* SceneDelegate.swift */; };
		EA7E250F24A4A5240077AEFB /* ViewController.swift in Sources */ = {isa = PBXBuildFile; fileRef = EA7E250E24A4A5240077AEFB /* ViewController.swift */; };
		EA7E251224A4A5240077AEFB /* Main.storyboard in Resources */ = {isa = PBXBuildFile; fileRef = EA7E251024A4A5240077AEFB /* Main.storyboard */; };
		EA7E251524A4A5240077AEFB /* Todo.xcdatamodeld in Sources */ = {isa = PBXBuildFile; fileRef = EA7E251324A4A5240077AEFB /* Todo.xcdatamodeld */; };
		EA7E251724A4A5260077AEFB /* Assets.xcassets in Resources */ = {isa = PBXBuildFile; fileRef = EA7E251624A4A5260077AEFB /* Assets.xcassets */; };
		EA7E251A24A4A5260077AEFB /* LaunchScreen.storyboard in Resources */ = {isa = PBXBuildFile; fileRef = EA7E251824A4A5260077AEFB /* LaunchScreen.storyboard */; };
		EA7E252524A4A5260077AEFB /* TodoTests.swift in Sources */ = {isa = PBXBuildFile; fileRef = EA7E252424A4A5260077AEFB /* TodoTests.swift */; };
		EA7E253024A4A5260077AEFB /* TodoUITests.swift in Sources */ = {isa = PBXBuildFile; fileRef = EA7E252F24A4A5260077AEFB /* TodoUITests.swift */; };
/* End PBXBuildFile section */

/* Begin PBXContainerItemProxy section */
		EA7E252124A4A5260077AEFB /* PBXContainerItemProxy */ = {
			isa = PBXContainerItemProxy;
			containerPortal = EA7E24FF24A4A5240077AEFB /* Project object */;
			proxyType = 1;
			remoteGlobalIDString = EA7E250624A4A5240077AEFB;
			remoteInfo = Todo;
		};
		EA7E252C24A4A5260077AEFB /* PBXContainerItemProxy */ = {
			isa = PBXContainerItemProxy;
			containerPortal = EA7E24FF24A4A5240077AEFB /* Project object */;
			proxyType = 1;
			remoteGlobalIDString = EA7E250624A4A5240077AEFB;
			remoteInfo = Todo;
		};
/* End PBXContainerItemProxy section */

/* Begin PBXFileReference section */
		2B68C234716B1FAD65D0C433 /* Pods-TodoTests.debug.xcconfig */ = {isa = PBXFileReference; includeInIndex = 1; lastKnownFileType = text.xcconfig; name = "Pods-TodoTests.debug.xcconfig"; path = "Target Support Files/Pods-TodoTests/Pods-TodoTests.debug.xcconfig"; sourceTree = "<group>"; };
		5399C4086A80598F1A149764 /* Pods_TodoTests.framework */ = {isa = PBXFileReference; explicitFileType = wrapper.framework; includeInIndex = 0; path = Pods_TodoTests.framework; sourceTree = BUILT_PRODUCTS_DIR; };
		8607B541CEEBC670F51DCE13 /* Pods_Todo.framework */ = {isa = PBXFileReference; explicitFileType = wrapper.framework; includeInIndex = 0; path = Pods_Todo.framework; sourceTree = BUILT_PRODUCTS_DIR; };
		94E20E91528448E5C9F7DE26 /* Pods_Todo_TodoUITests.framework */ = {isa = PBXFileReference; explicitFileType = wrapper.framework; includeInIndex = 0; path = Pods_Todo_TodoUITests.framework; sourceTree = BUILT_PRODUCTS_DIR; };
		ADC2248927AF97603F49F2D6 /* Pods-Todo-TodoUITests.debug.xcconfig */ = {isa = PBXFileReference; includeInIndex = 1; lastKnownFileType = text.xcconfig; name = "Pods-Todo-TodoUITests.debug.xcconfig"; path = "Target Support Files/Pods-Todo-TodoUITests/Pods-Todo-TodoUITests.debug.xcconfig"; sourceTree = "<group>"; };
		BCC2BC1946117C9518D5EF1D /* Pods-Todo.release.xcconfig */ = {isa = PBXFileReference; includeInIndex = 1; lastKnownFileType = text.xcconfig; name = "Pods-Todo.release.xcconfig"; path = "Target Support Files/Pods-Todo/Pods-Todo.release.xcconfig"; sourceTree = "<group>"; };
		C39B657CCBE73A0457864C32 /* Pods-TodoTests.release.xcconfig */ = {isa = PBXFileReference; includeInIndex = 1; lastKnownFileType = text.xcconfig; name = "Pods-TodoTests.release.xcconfig"; path = "Target Support Files/Pods-TodoTests/Pods-TodoTests.release.xcconfig"; sourceTree = "<group>"; };
		DF9B48CD4325DB969205A587 /* Pods-Todo-TodoUITests.release.xcconfig */ = {isa = PBXFileReference; includeInIndex = 1; lastKnownFileType = text.xcconfig; name = "Pods-Todo-TodoUITests.release.xcconfig"; path = "Target Support Files/Pods-Todo-TodoUITests/Pods-Todo-TodoUITests.release.xcconfig"; sourceTree = "<group>"; };
		E5C207DB4676E603AE295418 /* Pods-Todo.debug.xcconfig */ = {isa = PBXFileReference; includeInIndex = 1; lastKnownFileType = text.xcconfig; name = "Pods-Todo.debug.xcconfig"; path = "Target Support Files/Pods-Todo/Pods-Todo.debug.xcconfig"; sourceTree = "<group>"; };
		EA57F1DF24A4A6AC00BB088E /* Data.swift */ = {isa = PBXFileReference; lastKnownFileType = sourcecode.swift; path = Data.swift; sourceTree = "<group>"; };
		EA57F1E124A4A71700BB088E /* NetworkRequest.swift */ = {isa = PBXFileReference; lastKnownFileType = sourcecode.swift; path = NetworkRequest.swift; sourceTree = "<group>"; };
		EA57F1E524A4BACA00BB088E /* ListTableViewCell.swift */ = {isa = PBXFileReference; lastKnownFileType = sourcecode.swift; path = ListTableViewCell.swift; sourceTree = "<group>"; };
		EA57F1E924A4EE8900BB088E /* Default-568h@2x.png */ = {isa = PBXFileReference; lastKnownFileType = image.png; path = "Default-568h@2x.png"; sourceTree = "<group>"; };
		EA7E250724A4A5240077AEFB /* Todo.app */ = {isa = PBXFileReference; explicitFileType = wrapper.application; includeInIndex = 0; path = Todo.app; sourceTree = BUILT_PRODUCTS_DIR; };
		EA7E250A24A4A5240077AEFB /* AppDelegate.swift */ = {isa = PBXFileReference; lastKnownFileType = sourcecode.swift; path = AppDelegate.swift; sourceTree = "<group>"; };
		EA7E250C24A4A5240077AEFB /* SceneDelegate.swift */ = {isa = PBXFileReference; lastKnownFileType = sourcecode.swift; path = SceneDelegate.swift; sourceTree = "<group>"; };
		EA7E250E24A4A5240077AEFB /* ViewController.swift */ = {isa = PBXFileReference; lastKnownFileType = sourcecode.swift; path = ViewController.swift; sourceTree = "<group>"; };
		EA7E251124A4A5240077AEFB /* Base */ = {isa = PBXFileReference; lastKnownFileType = file.storyboard; name = Base; path = Base.lproj/Main.storyboard; sourceTree = "<group>"; };
		EA7E251424A4A5240077AEFB /* Todo.xcdatamodel */ = {isa = PBXFileReference; lastKnownFileType = wrapper.xcdatamodel; path = Todo.xcdatamodel; sourceTree = "<group>"; };
		EA7E251624A4A5260077AEFB /* Assets.xcassets */ = {isa = PBXFileReference; lastKnownFileType = folder.assetcatalog; path = Assets.xcassets; sourceTree = "<group>"; };
		EA7E251924A4A5260077AEFB /* Base */ = {isa = PBXFileReference; lastKnownFileType = file.storyboard; name = Base; path = Base.lproj/LaunchScreen.storyboard; sourceTree = "<group>"; };
		EA7E251B24A4A5260077AEFB /* Info.plist */ = {isa = PBXFileReference; lastKnownFileType = text.plist.xml; path = Info.plist; sourceTree = "<group>"; };
		EA7E252024A4A5260077AEFB /* TodoTests.xctest */ = {isa = PBXFileReference; explicitFileType = wrapper.cfbundle; includeInIndex = 0; path = TodoTests.xctest; sourceTree = BUILT_PRODUCTS_DIR; };
		EA7E252424A4A5260077AEFB /* TodoTests.swift */ = {isa = PBXFileReference; lastKnownFileType = sourcecode.swift; path = TodoTests.swift; sourceTree = "<group>"; };
		EA7E252624A4A5260077AEFB /* Info.plist */ = {isa = PBXFileReference; lastKnownFileType = text.plist.xml; path = Info.plist; sourceTree = "<group>"; };
		EA7E252B24A4A5260077AEFB /* TodoUITests.xctest */ = {isa = PBXFileReference; explicitFileType = wrapper.cfbundle; includeInIndex = 0; path = TodoUITests.xctest; sourceTree = BUILT_PRODUCTS_DIR; };
		EA7E252F24A4A5260077AEFB /* TodoUITests.swift */ = {isa = PBXFileReference; lastKnownFileType = sourcecode.swift; path = TodoUITests.swift; sourceTree = "<group>"; };
		EA7E253124A4A5260077AEFB /* Info.plist */ = {isa = PBXFileReference; lastKnownFileType = text.plist.xml; path = Info.plist; sourceTree = "<group>"; };
/* End PBXFileReference section */

/* Begin PBXFrameworksBuildPhase section */
		EA7E250424A4A5240077AEFB /* Frameworks */ = {
			isa = PBXFrameworksBuildPhase;
			buildActionMask = 2147483647;
			files = (
				1DA2E85F903636C74C99BF3C /* Pods_Todo.framework in Frameworks */,
			);
			runOnlyForDeploymentPostprocessing = 0;
		};
		EA7E251D24A4A5260077AEFB /* Frameworks */ = {
			isa = PBXFrameworksBuildPhase;
			buildActionMask = 2147483647;
			files = (
				677867F8F3CB89B91F60F0B8 /* Pods_TodoTests.framework in Frameworks */,
			);
			runOnlyForDeploymentPostprocessing = 0;
		};
		EA7E252824A4A5260077AEFB /* Frameworks */ = {
			isa = PBXFrameworksBuildPhase;
			buildActionMask = 2147483647;
			files = (
				0342E5302BF653055DB0B726 /* Pods_Todo_TodoUITests.framework in Frameworks */,
			);
			runOnlyForDeploymentPostprocessing = 0;
		};
/* End PBXFrameworksBuildPhase section */

/* Begin PBXGroup section */
		5503531C076EBEC042C7F5DB /* Pods */ = {
			isa = PBXGroup;
			children = (
				E5C207DB4676E603AE295418 /* Pods-Todo.debug.xcconfig */,
				BCC2BC1946117C9518D5EF1D /* Pods-Todo.release.xcconfig */,
				ADC2248927AF97603F49F2D6 /* Pods-Todo-TodoUITests.debug.xcconfig */,
				DF9B48CD4325DB969205A587 /* Pods-Todo-TodoUITests.release.xcconfig */,
				2B68C234716B1FAD65D0C433 /* Pods-TodoTests.debug.xcconfig */,
				C39B657CCBE73A0457864C32 /* Pods-TodoTests.release.xcconfig */,
			);
			path = Pods;
			sourceTree = "<group>";
		};
		7220EF12F123578C8C10B567 /* Frameworks */ = {
			isa = PBXGroup;
			children = (
				8607B541CEEBC670F51DCE13 /* Pods_Todo.framework */,
				94E20E91528448E5C9F7DE26 /* Pods_Todo_TodoUITests.framework */,
				5399C4086A80598F1A149764 /* Pods_TodoTests.framework */,
			);
			name = Frameworks;
			sourceTree = "<group>";
		};
		EA57F1E324A4BAA300BB088E /* ViewController */ = {
			isa = PBXGroup;
			children = (
				EA7E250E24A4A5240077AEFB /* ViewController.swift */,
			);
			path = ViewController;
			sourceTree = "<group>";
		};
		EA57F1E424A4BAAF00BB088E /* Cell */ = {
			isa = PBXGroup;
			children = (
				EA57F1E524A4BACA00BB088E /* ListTableViewCell.swift */,
			);
			path = Cell;
			sourceTree = "<group>";
		};
		EA57F1E724A4BC5900BB088E /* Model */ = {
			isa = PBXGroup;
			children = (
				EA57F1DF24A4A6AC00BB088E /* Data.swift */,
			);
			path = Model;
			sourceTree = "<group>";
		};
		EA57F1E824A4BC6E00BB088E /* API */ = {
			isa = PBXGroup;
			children = (
				EA57F1E124A4A71700BB088E /* NetworkRequest.swift */,
			);
			path = API;
			sourceTree = "<group>";
		};
		EA7E24FE24A4A5240077AEFB = {
			isa = PBXGroup;
			children = (
				EA57F1E924A4EE8900BB088E /* Default-568h@2x.png */,
				EA7E250924A4A5240077AEFB /* Todo */,
				EA7E252324A4A5260077AEFB /* TodoTests */,
				EA7E252E24A4A5260077AEFB /* TodoUITests */,
				EA7E250824A4A5240077AEFB /* Products */,
				5503531C076EBEC042C7F5DB /* Pods */,
				7220EF12F123578C8C10B567 /* Frameworks */,
			);
			sourceTree = "<group>";
		};
		EA7E250824A4A5240077AEFB /* Products */ = {
			isa = PBXGroup;
			children = (
				EA7E250724A4A5240077AEFB /* Todo.app */,
				EA7E252024A4A5260077AEFB /* TodoTests.xctest */,
				EA7E252B24A4A5260077AEFB /* TodoUITests.xctest */,
			);
			name = Products;
			sourceTree = "<group>";
		};
		EA7E250924A4A5240077AEFB /* Todo */ = {
			isa = PBXGroup;
			children = (
				EA57F1E824A4BC6E00BB088E /* API */,
				EA57F1E724A4BC5900BB088E /* Model */,
				EA57F1E424A4BAAF00BB088E /* Cell */,
				EA57F1E324A4BAA300BB088E /* ViewController */,
				EA7E250A24A4A5240077AEFB /* AppDelegate.swift */,
				EA7E250C24A4A5240077AEFB /* SceneDelegate.swift */,
				EA7E251024A4A5240077AEFB /* Main.storyboard */,
				EA7E251624A4A5260077AEFB /* Assets.xcassets */,
				EA7E251824A4A5260077AEFB /* LaunchScreen.storyboard */,
				EA7E251B24A4A5260077AEFB /* Info.plist */,
				EA7E251324A4A5240077AEFB /* Todo.xcdatamodeld */,
			);
			path = Todo;
			sourceTree = "<group>";
		};
		EA7E252324A4A5260077AEFB /* TodoTests */ = {
			isa = PBXGroup;
			children = (
				EA7E252424A4A5260077AEFB /* TodoTests.swift */,
				EA7E252624A4A5260077AEFB /* Info.plist */,
			);
			path = TodoTests;
			sourceTree = "<group>";
		};
		EA7E252E24A4A5260077AEFB /* TodoUITests */ = {
			isa = PBXGroup;
			children = (
				EA7E252F24A4A5260077AEFB /* TodoUITests.swift */,
				EA7E253124A4A5260077AEFB /* Info.plist */,
			);
			path = TodoUITests;
			sourceTree = "<group>";
		};
/* End PBXGroup section */

/* Begin PBXNativeTarget section */
		EA7E250624A4A5240077AEFB /* Todo */ = {
			isa = PBXNativeTarget;
			buildConfigurationList = EA7E253424A4A5260077AEFB /* Build configuration list for PBXNativeTarget "Todo" */;
			buildPhases = (
				FFE961304B06F5A46C7775F1 /* [CP] Check Pods Manifest.lock */,
				EA7E250324A4A5240077AEFB /* Sources */,
				EA7E250424A4A5240077AEFB /* Frameworks */,
				EA7E250524A4A5240077AEFB /* Resources */,
				BDEBC0D13323456687B671EC /* [CP] Embed Pods Frameworks */,
			);
			buildRules = (
			);
			dependencies = (
			);
			name = Todo;
			productName = Todo;
			productReference = EA7E250724A4A5240077AEFB /* Todo.app */;
			productType = "com.apple.product-type.application";
		};
		EA7E251F24A4A5260077AEFB /* TodoTests */ = {
			isa = PBXNativeTarget;
			buildConfigurationList = EA7E253724A4A5260077AEFB /* Build configuration list for PBXNativeTarget "TodoTests" */;
			buildPhases = (
				FE4D347996E43F1603BCAC70 /* [CP] Check Pods Manifest.lock */,
				EA7E251C24A4A5260077AEFB /* Sources */,
				EA7E251D24A4A5260077AEFB /* Frameworks */,
				EA7E251E24A4A5260077AEFB /* Resources */,
			);
			buildRules = (
			);
			dependencies = (
				EA7E252224A4A5260077AEFB /* PBXTargetDependency */,
			);
			name = TodoTests;
			productName = TodoTests;
			productReference = EA7E252024A4A5260077AEFB /* TodoTests.xctest */;
			productType = "com.apple.product-type.bundle.unit-test";
		};
		EA7E252A24A4A5260077AEFB /* TodoUITests */ = {
			isa = PBXNativeTarget;
			buildConfigurationList = EA7E253A24A4A5260077AEFB /* Build configuration list for PBXNativeTarget "TodoUITests" */;
			buildPhases = (
				C76E0CADE85E947557E85B6A /* [CP] Check Pods Manifest.lock */,
				EA7E252724A4A5260077AEFB /* Sources */,
				EA7E252824A4A5260077AEFB /* Frameworks */,
				EA7E252924A4A5260077AEFB /* Resources */,
				276EEED43EF70A584287D904 /* [CP] Embed Pods Frameworks */,
			);
			buildRules = (
			);
			dependencies = (
				EA7E252D24A4A5260077AEFB /* PBXTargetDependency */,
			);
			name = TodoUITests;
			productName = TodoUITests;
			productReference = EA7E252B24A4A5260077AEFB /* TodoUITests.xctest */;
			productType = "com.apple.product-type.bundle.ui-testing";
		};
/* End PBXNativeTarget section */

/* Begin PBXProject section */
		EA7E24FF24A4A5240077AEFB /* Project object */ = {
			isa = PBXProject;
			attributes = {
				LastSwiftUpdateCheck = 1150;
				LastUpgradeCheck = 1150;
				ORGANIZATIONNAME = "김기현";
				TargetAttributes = {
					EA7E250624A4A5240077AEFB = {
						CreatedOnToolsVersion = 11.5;
					};
					EA7E251F24A4A5260077AEFB = {
						CreatedOnToolsVersion = 11.5;
						TestTargetID = EA7E250624A4A5240077AEFB;
					};
					EA7E252A24A4A5260077AEFB = {
						CreatedOnToolsVersion = 11.5;
						TestTargetID = EA7E250624A4A5240077AEFB;
					};
				};
			};
			buildConfigurationList = EA7E250224A4A5240077AEFB /* Build configuration list for PBXProject "Todo" */;
			compatibilityVersion = "Xcode 9.3";
			developmentRegion = en;
			hasScannedForEncodings = 0;
			knownRegions = (
				en,
				Base,
			);
			mainGroup = EA7E24FE24A4A5240077AEFB;
			productRefGroup = EA7E250824A4A5240077AEFB /* Products */;
			projectDirPath = "";
			projectRoot = "";
			targets = (
				EA7E250624A4A5240077AEFB /* Todo */,
				EA7E251F24A4A5260077AEFB /* TodoTests */,
				EA7E252A24A4A5260077AEFB /* TodoUITests */,
			);
		};
/* End PBXProject section */

/* Begin PBXResourcesBuildPhase section */
		EA7E250524A4A5240077AEFB /* Resources */ = {
			isa = PBXResourcesBuildPhase;
			buildActionMask = 2147483647;
			files = (
				EA7E251A24A4A5260077AEFB /* LaunchScreen.storyboard in Resources */,
				EA57F1EA24A4EE8A00BB088E /* Default-568h@2x.png in Resources */,
				EA7E251724A4A5260077AEFB /* Assets.xcassets in Resources */,
				EA7E251224A4A5240077AEFB /* Main.storyboard in Resources */,
			);
			runOnlyForDeploymentPostprocessing = 0;
		};
		EA7E251E24A4A5260077AEFB /* Resources */ = {
			isa = PBXResourcesBuildPhase;
			buildActionMask = 2147483647;
			files = (
			);
			runOnlyForDeploymentPostprocessing = 0;
		};
		EA7E252924A4A5260077AEFB /* Resources */ = {
			isa = PBXResourcesBuildPhase;
			buildActionMask = 2147483647;
			files = (
			);
			runOnlyForDeploymentPostprocessing = 0;
		};
/* End PBXResourcesBuildPhase section */

/* Begin PBXShellScriptBuildPhase section */
		276EEED43EF70A584287D904 /* [CP] Embed Pods Frameworks */ = {
			isa = PBXShellScriptBuildPhase;
			buildActionMask = 2147483647;
			files = (
			);
			inputFileListPaths = (
				"${PODS_ROOT}/Target Support Files/Pods-Todo-TodoUITests/Pods-Todo-TodoUITests-frameworks-${CONFIGURATION}-input-files.xcfilelist",
			);
			name = "[CP] Embed Pods Frameworks";
			outputFileListPaths = (
				"${PODS_ROOT}/Target Support Files/Pods-Todo-TodoUITests/Pods-Todo-TodoUITests-frameworks-${CONFIGURATION}-output-files.xcfilelist",
			);
			runOnlyForDeploymentPostprocessing = 0;
			shellPath = /bin/sh;
			shellScript = "\"${PODS_ROOT}/Target Support Files/Pods-Todo-TodoUITests/Pods-Todo-TodoUITests-frameworks.sh\"\n";
			showEnvVarsInLog = 0;
		};
		BDEBC0D13323456687B671EC /* [CP] Embed Pods Frameworks */ = {
			isa = PBXShellScriptBuildPhase;
			buildActionMask = 2147483647;
			files = (
			);
			inputFileListPaths = (
				"${PODS_ROOT}/Target Support Files/Pods-Todo/Pods-Todo-frameworks-${CONFIGURATION}-input-files.xcfilelist",
			);
			name = "[CP] Embed Pods Frameworks";
			outputFileListPaths = (
				"${PODS_ROOT}/Target Support Files/Pods-Todo/Pods-Todo-frameworks-${CONFIGURATION}-output-files.xcfilelist",
			);
			runOnlyForDeploymentPostprocessing = 0;
			shellPath = /bin/sh;
			shellScript = "\"${PODS_ROOT}/Target Support Files/Pods-Todo/Pods-Todo-frameworks.sh\"\n";
			showEnvVarsInLog = 0;
		};
		C76E0CADE85E947557E85B6A /* [CP] Check Pods Manifest.lock */ = {
			isa = PBXShellScriptBuildPhase;
			buildActionMask = 2147483647;
			files = (
			);
			inputFileListPaths = (
			);
			inputPaths = (
				"${PODS_PODFILE_DIR_PATH}/Podfile.lock",
				"${PODS_ROOT}/Manifest.lock",
			);
			name = "[CP] Check Pods Manifest.lock";
			outputFileListPaths = (
			);
			outputPaths = (
				"$(DERIVED_FILE_DIR)/Pods-Todo-TodoUITests-checkManifestLockResult.txt",
			);
			runOnlyForDeploymentPostprocessing = 0;
			shellPath = /bin/sh;
			shellScript = "diff \"${PODS_PODFILE_DIR_PATH}/Podfile.lock\" \"${PODS_ROOT}/Manifest.lock\" > /dev/null\nif [ $? != 0 ] ; then\n    # print error to STDERR\n    echo \"error: The sandbox is not in sync with the Podfile.lock. Run 'pod install' or update your CocoaPods installation.\" >&2\n    exit 1\nfi\n# This output is used by Xcode 'outputs' to avoid re-running this script phase.\necho \"SUCCESS\" > \"${SCRIPT_OUTPUT_FILE_0}\"\n";
			showEnvVarsInLog = 0;
		};
		FE4D347996E43F1603BCAC70 /* [CP] Check Pods Manifest.lock */ = {
			isa = PBXShellScriptBuildPhase;
			buildActionMask = 2147483647;
			files = (
			);
			inputFileListPaths = (
			);
			inputPaths = (
				"${PODS_PODFILE_DIR_PATH}/Podfile.lock",
				"${PODS_ROOT}/Manifest.lock",
			);
			name = "[CP] Check Pods Manifest.lock";
			outputFileListPaths = (
			);
			outputPaths = (
				"$(DERIVED_FILE_DIR)/Pods-TodoTests-checkManifestLockResult.txt",
			);
			runOnlyForDeploymentPostprocessing = 0;
			shellPath = /bin/sh;
			shellScript = "diff \"${PODS_PODFILE_DIR_PATH}/Podfile.lock\" \"${PODS_ROOT}/Manifest.lock\" > /dev/null\nif [ $? != 0 ] ; then\n    # print error to STDERR\n    echo \"error: The sandbox is not in sync with the Podfile.lock. Run 'pod install' or update your CocoaPods installation.\" >&2\n    exit 1\nfi\n# This output is used by Xcode 'outputs' to avoid re-running this script phase.\necho \"SUCCESS\" > \"${SCRIPT_OUTPUT_FILE_0}\"\n";
			showEnvVarsInLog = 0;
		};
		FFE961304B06F5A46C7775F1 /* [CP] Check Pods Manifest.lock */ = {
			isa = PBXShellScriptBuildPhase;
			buildActionMask = 2147483647;
			files = (
			);
			inputFileListPaths = (
			);
			inputPaths = (
				"${PODS_PODFILE_DIR_PATH}/Podfile.lock",
				"${PODS_ROOT}/Manifest.lock",
			);
			name = "[CP] Check Pods Manifest.lock";
			outputFileListPaths = (
			);
			outputPaths = (
				"$(DERIVED_FILE_DIR)/Pods-Todo-checkManifestLockResult.txt",
			);
			runOnlyForDeploymentPostprocessing = 0;
			shellPath = /bin/sh;
			shellScript = "diff \"${PODS_PODFILE_DIR_PATH}/Podfile.lock\" \"${PODS_ROOT}/Manifest.lock\" > /dev/null\nif [ $? != 0 ] ; then\n    # print error to STDERR\n    echo \"error: The sandbox is not in sync with the Podfile.lock. Run 'pod install' or update your CocoaPods installation.\" >&2\n    exit 1\nfi\n# This output is used by Xcode 'outputs' to avoid re-running this script phase.\necho \"SUCCESS\" > \"${SCRIPT_OUTPUT_FILE_0}\"\n";
			showEnvVarsInLog = 0;
		};
/* End PBXShellScriptBuildPhase section */

/* Begin PBXSourcesBuildPhase section */
		EA7E250324A4A5240077AEFB /* Sources */ = {
			isa = PBXSourcesBuildPhase;
			buildActionMask = 2147483647;
			files = (
				EA57F1E624A4BACA00BB088E /* ListTableViewCell.swift in Sources */,
				EA7E250F24A4A5240077AEFB /* ViewController.swift in Sources */,
				EA7E250B24A4A5240077AEFB /* AppDelegate.swift in Sources */,
				EA7E250D24A4A5240077AEFB /* SceneDelegate.swift in Sources */,
				EA7E251524A4A5240077AEFB /* Todo.xcdatamodeld in Sources */,
				EA57F1E224A4A71700BB088E /* NetworkRequest.swift in Sources */,
				EA57F1E024A4A6AC00BB088E /* Data.swift in Sources */,
			);
			runOnlyForDeploymentPostprocessing = 0;
		};
		EA7E251C24A4A5260077AEFB /* Sources */ = {
			isa = PBXSourcesBuildPhase;
			buildActionMask = 2147483647;
			files = (
				EA7E252524A4A5260077AEFB /* TodoTests.swift in Sources */,
			);
			runOnlyForDeploymentPostprocessing = 0;
		};
		EA7E252724A4A5260077AEFB /* Sources */ = {
			isa = PBXSourcesBuildPhase;
			buildActionMask = 2147483647;
			files = (
				EA7E253024A4A5260077AEFB /* TodoUITests.swift in Sources */,
			);
			runOnlyForDeploymentPostprocessing = 0;
		};
/* End PBXSourcesBuildPhase section */

/* Begin PBXTargetDependency section */
		EA7E252224A4A5260077AEFB /* PBXTargetDependency */ = {
			isa = PBXTargetDependency;
			target = EA7E250624A4A5240077AEFB /* Todo */;
			targetProxy = EA7E252124A4A5260077AEFB /* PBXContainerItemProxy */;
		};
		EA7E252D24A4A5260077AEFB /* PBXTargetDependency */ = {
			isa = PBXTargetDependency;
			target = EA7E250624A4A5240077AEFB /* Todo */;
			targetProxy = EA7E252C24A4A5260077AEFB /* PBXContainerItemProxy */;
		};
/* End PBXTargetDependency section */

/* Begin PBXVariantGroup section */
		EA7E251024A4A5240077AEFB /* Main.storyboard */ = {
			isa = PBXVariantGroup;
			children = (
				EA7E251124A4A5240077AEFB /* Base */,
			);
			name = Main.storyboard;
			sourceTree = "<group>";
		};
		EA7E251824A4A5260077AEFB /* LaunchScreen.storyboard */ = {
			isa = PBXVariantGroup;
			children = (
				EA7E251924A4A5260077AEFB /* Base */,
			);
			name = LaunchScreen.storyboard;
			sourceTree = "<group>";
		};
/* End PBXVariantGroup section */

/* Begin XCBuildConfiguration section */
		EA7E253224A4A5260077AEFB /* Debug */ = {
			isa = XCBuildConfiguration;
			buildSettings = {
				ALWAYS_SEARCH_USER_PATHS = NO;
				CLANG_ANALYZER_NONNULL = YES;
				CLANG_ANALYZER_NUMBER_OBJECT_CONVERSION = YES_AGGRESSIVE;
				CLANG_CXX_LANGUAGE_STANDARD = "gnu++14";
				CLANG_CXX_LIBRARY = "libc++";
				CLANG_ENABLE_MODULES = YES;
				CLANG_ENABLE_OBJC_ARC = YES;
				CLANG_ENABLE_OBJC_WEAK = YES;
				CLANG_WARN_BLOCK_CAPTURE_AUTORELEASING = YES;
				CLANG_WARN_BOOL_CONVERSION = YES;
				CLANG_WARN_COMMA = YES;
				CLANG_WARN_CONSTANT_CONVERSION = YES;
				CLANG_WARN_DEPRECATED_OBJC_IMPLEMENTATIONS = YES;
				CLANG_WARN_DIRECT_OBJC_ISA_USAGE = YES_ERROR;
				CLANG_WARN_DOCUMENTATION_COMMENTS = YES;
				CLANG_WARN_EMPTY_BODY = YES;
				CLANG_WARN_ENUM_CONVERSION = YES;
				CLANG_WARN_INFINITE_RECURSION = YES;
				CLANG_WARN_INT_CONVERSION = YES;
				CLANG_WARN_NON_LITERAL_NULL_CONVERSION = YES;
				CLANG_WARN_OBJC_IMPLICIT_RETAIN_SELF = YES;
				CLANG_WARN_OBJC_LITERAL_CONVERSION = YES;
				CLANG_WARN_OBJC_ROOT_CLASS = YES_ERROR;
				CLANG_WARN_RANGE_LOOP_ANALYSIS = YES;
				CLANG_WARN_STRICT_PROTOTYPES = YES;
				CLANG_WARN_SUSPICIOUS_MOVE = YES;
				CLANG_WARN_UNGUARDED_AVAILABILITY = YES_AGGRESSIVE;
				CLANG_WARN_UNREACHABLE_CODE = YES;
				CLANG_WARN__DUPLICATE_METHOD_MATCH = YES;
				COPY_PHASE_STRIP = NO;
				DEBUG_INFORMATION_FORMAT = dwarf;
				ENABLE_STRICT_OBJC_MSGSEND = YES;
				ENABLE_TESTABILITY = YES;
				GCC_C_LANGUAGE_STANDARD = gnu11;
				GCC_DYNAMIC_NO_PIC = NO;
				GCC_NO_COMMON_BLOCKS = YES;
				GCC_OPTIMIZATION_LEVEL = 0;
				GCC_PREPROCESSOR_DEFINITIONS = (
					"DEBUG=1",
					"$(inherited)",
				);
				GCC_WARN_64_TO_32_BIT_CONVERSION = YES;
				GCC_WARN_ABOUT_RETURN_TYPE = YES_ERROR;
				GCC_WARN_UNDECLARED_SELECTOR = YES;
				GCC_WARN_UNINITIALIZED_AUTOS = YES_AGGRESSIVE;
				GCC_WARN_UNUSED_FUNCTION = YES;
				GCC_WARN_UNUSED_VARIABLE = YES;
				IPHONEOS_DEPLOYMENT_TARGET = 13.5;
				MTL_ENABLE_DEBUG_INFO = INCLUDE_SOURCE;
				MTL_FAST_MATH = YES;
				ONLY_ACTIVE_ARCH = YES;
				SDKROOT = iphoneos;
				SWIFT_ACTIVE_COMPILATION_CONDITIONS = DEBUG;
				SWIFT_OPTIMIZATION_LEVEL = "-Onone";
			};
			name = Debug;
		};
		EA7E253324A4A5260077AEFB /* Release */ = {
			isa = XCBuildConfiguration;
			buildSettings = {
				ALWAYS_SEARCH_USER_PATHS = NO;
				CLANG_ANALYZER_NONNULL = YES;
				CLANG_ANALYZER_NUMBER_OBJECT_CONVERSION = YES_AGGRESSIVE;
				CLANG_CXX_LANGUAGE_STANDARD = "gnu++14";
				CLANG_CXX_LIBRARY = "libc++";
				CLANG_ENABLE_MODULES = YES;
				CLANG_ENABLE_OBJC_ARC = YES;
				CLANG_ENABLE_OBJC_WEAK = YES;
				CLANG_WARN_BLOCK_CAPTURE_AUTORELEASING = YES;
				CLANG_WARN_BOOL_CONVERSION = YES;
				CLANG_WARN_COMMA = YES;
				CLANG_WARN_CONSTANT_CONVERSION = YES;
				CLANG_WARN_DEPRECATED_OBJC_IMPLEMENTATIONS = YES;
				CLANG_WARN_DIRECT_OBJC_ISA_USAGE = YES_ERROR;
				CLANG_WARN_DOCUMENTATION_COMMENTS = YES;
				CLANG_WARN_EMPTY_BODY = YES;
				CLANG_WARN_ENUM_CONVERSION = YES;
				CLANG_WARN_INFINITE_RECURSION = YES;
				CLANG_WARN_INT_CONVERSION = YES;
				CLANG_WARN_NON_LITERAL_NULL_CONVERSION = YES;
				CLANG_WARN_OBJC_IMPLICIT_RETAIN_SELF = YES;
				CLANG_WARN_OBJC_LITERAL_CONVERSION = YES;
				CLANG_WARN_OBJC_ROOT_CLASS = YES_ERROR;
				CLANG_WARN_RANGE_LOOP_ANALYSIS = YES;
				CLANG_WARN_STRICT_PROTOTYPES = YES;
				CLANG_WARN_SUSPICIOUS_MOVE = YES;
				CLANG_WARN_UNGUARDED_AVAILABILITY = YES_AGGRESSIVE;
				CLANG_WARN_UNREACHABLE_CODE = YES;
				CLANG_WARN__DUPLICATE_METHOD_MATCH = YES;
				COPY_PHASE_STRIP = NO;
				DEBUG_INFORMATION_FORMAT = "dwarf-with-dsym";
				ENABLE_NS_ASSERTIONS = NO;
				ENABLE_STRICT_OBJC_MSGSEND = YES;
				GCC_C_LANGUAGE_STANDARD = gnu11;
				GCC_NO_COMMON_BLOCKS = YES;
				GCC_WARN_64_TO_32_BIT_CONVERSION = YES;
				GCC_WARN_ABOUT_RETURN_TYPE = YES_ERROR;
				GCC_WARN_UNDECLARED_SELECTOR = YES;
				GCC_WARN_UNINITIALIZED_AUTOS = YES_AGGRESSIVE;
				GCC_WARN_UNUSED_FUNCTION = YES;
				GCC_WARN_UNUSED_VARIABLE = YES;
				IPHONEOS_DEPLOYMENT_TARGET = 13.5;
				MTL_ENABLE_DEBUG_INFO = NO;
				MTL_FAST_MATH = YES;
				SDKROOT = iphoneos;
				SWIFT_COMPILATION_MODE = wholemodule;
				SWIFT_OPTIMIZATION_LEVEL = "-O";
				VALIDATE_PRODUCT = YES;
			};
			name = Release;
		};
		EA7E253524A4A5260077AEFB /* Debug */ = {
			isa = XCBuildConfiguration;
			baseConfigurationReference = E5C207DB4676E603AE295418 /* Pods-Todo.debug.xcconfig */;
			buildSettings = {
				ASSETCATALOG_COMPILER_APPICON_NAME = AppIcon;
				CODE_SIGN_STYLE = Automatic;
				DEVELOPMENT_TEAM = U53BLS7M93;
				INFOPLIST_FILE = Todo/Info.plist;
				LD_RUNPATH_SEARCH_PATHS = (
					"$(inherited)",
					"@executable_path/Frameworks",
				);
				PRODUCT_BUNDLE_IDENTIFIER = key.Todo;
				PRODUCT_NAME = "$(TARGET_NAME)";
				SWIFT_VERSION = 5.0;
				TARGETED_DEVICE_FAMILY = "1,2";
			};
			name = Debug;
		};
		EA7E253624A4A5260077AEFB /* Release */ = {
			isa = XCBuildConfiguration;
			baseConfigurationReference = BCC2BC1946117C9518D5EF1D /* Pods-Todo.release.xcconfig */;
			buildSettings = {
				ASSETCATALOG_COMPILER_APPICON_NAME = AppIcon;
				CODE_SIGN_STYLE = Automatic;
				DEVELOPMENT_TEAM = U53BLS7M93;
				INFOPLIST_FILE = Todo/Info.plist;
				LD_RUNPATH_SEARCH_PATHS = (
					"$(inherited)",
					"@executable_path/Frameworks",
				);
				PRODUCT_BUNDLE_IDENTIFIER = key.Todo;
				PRODUCT_NAME = "$(TARGET_NAME)";
				SWIFT_VERSION = 5.0;
				TARGETED_DEVICE_FAMILY = "1,2";
			};
			name = Release;
		};
		EA7E253824A4A5260077AEFB /* Debug */ = {
			isa = XCBuildConfiguration;
			baseConfigurationReference = 2B68C234716B1FAD65D0C433 /* Pods-TodoTests.debug.xcconfig */;
			buildSettings = {
				ALWAYS_EMBED_SWIFT_STANDARD_LIBRARIES = YES;
				BUNDLE_LOADER = "$(TEST_HOST)";
				CODE_SIGN_STYLE = Automatic;
				DEVELOPMENT_TEAM = U53BLS7M93;
				INFOPLIST_FILE = TodoTests/Info.plist;
				IPHONEOS_DEPLOYMENT_TARGET = 13.5;
				LD_RUNPATH_SEARCH_PATHS = (
					"$(inherited)",
					"@executable_path/Frameworks",
					"@loader_path/Frameworks",
				);
				PRODUCT_BUNDLE_IDENTIFIER = key.TodoTests;
				PRODUCT_NAME = "$(TARGET_NAME)";
				SWIFT_VERSION = 5.0;
				TARGETED_DEVICE_FAMILY = "1,2";
				TEST_HOST = "$(BUILT_PRODUCTS_DIR)/Todo.app/Todo";
			};
			name = Debug;
		};
		EA7E253924A4A5260077AEFB /* Release */ = {
			isa = XCBuildConfiguration;
			baseConfigurationReference = C39B657CCBE73A0457864C32 /* Pods-TodoTests.release.xcconfig */;
			buildSettings = {
				ALWAYS_EMBED_SWIFT_STANDARD_LIBRARIES = YES;
				BUNDLE_LOADER = "$(TEST_HOST)";
				CODE_SIGN_STYLE = Automatic;
				DEVELOPMENT_TEAM = U53BLS7M93;
				INFOPLIST_FILE = TodoTests/Info.plist;
				IPHONEOS_DEPLOYMENT_TARGET = 13.5;
				LD_RUNPATH_SEARCH_PATHS = (
					"$(inherited)",
					"@executable_path/Frameworks",
					"@loader_path/Frameworks",
				);
				PRODUCT_BUNDLE_IDENTIFIER = key.TodoTests;
				PRODUCT_NAME = "$(TARGET_NAME)";
				SWIFT_VERSION = 5.0;
				TARGETED_DEVICE_FAMILY = "1,2";
				TEST_HOST = "$(BUILT_PRODUCTS_DIR)/Todo.app/Todo";
			};
			name = Release;
		};
		EA7E253B24A4A5260077AEFB /* Debug */ = {
			isa = XCBuildConfiguration;
			baseConfigurationReference = ADC2248927AF97603F49F2D6 /* Pods-Todo-TodoUITests.debug.xcconfig */;
			buildSettings = {
				ALWAYS_EMBED_SWIFT_STANDARD_LIBRARIES = YES;
				CODE_SIGN_STYLE = Automatic;
				DEVELOPMENT_TEAM = U53BLS7M93;
				INFOPLIST_FILE = TodoUITests/Info.plist;
				LD_RUNPATH_SEARCH_PATHS = (
					"$(inherited)",
					"@executable_path/Frameworks",
					"@loader_path/Frameworks",
				);
				PRODUCT_BUNDLE_IDENTIFIER = key.TodoUITests;
				PRODUCT_NAME = "$(TARGET_NAME)";
				SWIFT_VERSION = 5.0;
				TARGETED_DEVICE_FAMILY = "1,2";
				TEST_TARGET_NAME = Todo;
			};
			name = Debug;
		};
		EA7E253C24A4A5260077AEFB /* Release */ = {
			isa = XCBuildConfiguration;
			baseConfigurationReference = DF9B48CD4325DB969205A587 /* Pods-Todo-TodoUITests.release.xcconfig */;
			buildSettings = {
				ALWAYS_EMBED_SWIFT_STANDARD_LIBRARIES = YES;
				CODE_SIGN_STYLE = Automatic;
				DEVELOPMENT_TEAM = U53BLS7M93;
				INFOPLIST_FILE = TodoUITests/Info.plist;
				LD_RUNPATH_SEARCH_PATHS = (
					"$(inherited)",
					"@executable_path/Frameworks",
					"@loader_path/Frameworks",
				);
				PRODUCT_BUNDLE_IDENTIFIER = key.TodoUITests;
				PRODUCT_NAME = "$(TARGET_NAME)";
				SWIFT_VERSION = 5.0;
				TARGETED_DEVICE_FAMILY = "1,2";
				TEST_TARGET_NAME = Todo;
			};
			name = Release;
		};
/* End XCBuildConfiguration section */

/* Begin XCConfigurationList section */
		EA7E250224A4A5240077AEFB /* Build configuration list for PBXProject "Todo" */ = {
			isa = XCConfigurationList;
			buildConfigurations = (
				EA7E253224A4A5260077AEFB /* Debug */,
				EA7E253324A4A5260077AEFB /* Release */,
			);
			defaultConfigurationIsVisible = 0;
			defaultConfigurationName = Release;
		};
		EA7E253424A4A5260077AEFB /* Build configuration list for PBXNativeTarget "Todo" */ = {
			isa = XCConfigurationList;
			buildConfigurations = (
				EA7E253524A4A5260077AEFB /* Debug */,
				EA7E253624A4A5260077AEFB /* Release */,
			);
			defaultConfigurationIsVisible = 0;
			defaultConfigurationName = Release;
		};
		EA7E253724A4A5260077AEFB /* Build configuration list for PBXNativeTarget "TodoTests" */ = {
			isa = XCConfigurationList;
			buildConfigurations = (
				EA7E253824A4A5260077AEFB /* Debug */,
				EA7E253924A4A5260077AEFB /* Release */,
			);
			defaultConfigurationIsVisible = 0;
			defaultConfigurationName = Release;
		};
		EA7E253A24A4A5260077AEFB /* Build configuration list for PBXNativeTarget "TodoUITests" */ = {
			isa = XCConfigurationList;
			buildConfigurations = (
				EA7E253B24A4A5260077AEFB /* Debug */,
				EA7E253C24A4A5260077AEFB /* Release */,
			);
			defaultConfigurationIsVisible = 0;
			defaultConfigurationName = Release;
		};
/* End XCConfigurationList section */

/* Begin XCVersionGroup section */
		EA7E251324A4A5240077AEFB /* Todo.xcdatamodeld */ = {
			isa = XCVersionGroup;
			children = (
				EA7E251424A4A5240077AEFB /* Todo.xcdatamodel */,
			);
			currentVersion = EA7E251424A4A5240077AEFB /* Todo.xcdatamodel */;
			path = Todo.xcdatamodeld;
			sourceTree = "<group>";
			versionGroupType = wrapper.xcdatamodel;
		};
/* End XCVersionGroup section */
	};
	rootObject = EA7E24FF24A4A5240077AEFB /* Project object */;
}
